
Microsoft Visual Studio Solution File, Format Version 12.00
# Visual Studio Version 16
VisualStudioVersion = 16.0.29728.190
MinimumVisualStudioVersion = 10.0.40219.1
Project("{FAE04EC0-301F-11D3-BF4B-00C04F79EFBC}") = "DealershipApp", "DealershipApp\DealershipApp.csproj", "{FAEDFCF7-6982-45F8-84FC-B30366B1EA42}"
EndProject
Global
	GlobalSection(SolutionConfigurationPlatforms) = preSolution
		Debug|Any CPU = Debug|Any CPU
		Release|Any CPU = Release|Any CPU
	EndGlobalSection
	GlobalSection(ProjectConfigurationPlatforms) = postSolution
		{FAEDFCF7-6982-45F8-84FC-B30366B1EA42}.Debug|Any CPU.ActiveCfg = Debug|Any CPU
		{FAEDFCF7-6982-45F8-84FC-B30366B1EA42}.Debug|Any CPU.Build.0 = Debug|Any CPU
		{FAEDFCF7-6982-45F8-84FC-B30366B1EA42}.Release|Any CPU.ActiveCfg = Release|Any CPU
		{FAEDFCF7-6982-45F8-84FC-B30366B1EA42}.Release|Any CPU.Build.0 = Release|Any CPU
	EndGlobalSection
	GlobalSection(SolutionProperties) = preSolution
		HideSolutionNode = FALSE
	EndGlobalSection
	GlobalSection(ExtensibilityGlobals) = postSolution
		SolutionGuid = {6A53EB8B-66DD-4173-8C44-DED5AEFA96B1}
	EndGlobalSection
EndGlobal
